
Microsoft Visual Studio Solution File, Format Version 12.00
# Visual Studio Version 17
VisualStudioVersion = 17.14.36518.9 d17.14
MinimumVisualStudioVersion = 10.0.40219.1
Project("{FAE04EC0-301F-11D3-BF4B-00C04F79EFBC}") = "SpeechAgent", "SpeechAgent.csproj", "{CA7700CD-D0A4-4AA6-9156-E2AB3186CFC3}"
EndProject
Global
	GlobalSection(SolutionConfigurationPlatforms) = preSolution
		Debug|Any CPU = Debug|Any CPU
		Release|Any CPU = Release|Any CPU
	EndGlobalSection
	GlobalSection(ProjectConfigurationPlatforms) = postSolution
		{CA7700CD-D0A4-4AA6-9156-E2AB3186CFC3}.Debug|Any CPU.ActiveCfg = Debug|Any CPU
		{CA7700CD-D0A4-4AA6-9156-E2AB3186CFC3}.Debug|Any CPU.Build.0 = Debug|Any CPU
		{CA7700CD-D0A4-4AA6-9156-E2AB3186CFC3}.Release|Any CPU.ActiveCfg = Release|Any CPU
		{CA7700CD-D0A4-4AA6-9156-E2AB3186CFC3}.Release|Any CPU.Build.0 = Release|Any CPU
	EndGlobalSection
	GlobalSection(SolutionProperties) = preSolution
		HideSolutionNode = FALSE
	EndGlobalSection
	GlobalSection(ExtensibilityGlobals) = postSolution
		SolutionGuid = {70684040-B968-40A3-B7DA-94761162385C}
	EndGlobalSection
EndGlobal
